version = 1
revision = 3
requires-python = ">=3.12"

[options]
exclude-newer = "2026-09-24T00:00:00Z"

[[package]]
name = "colorama"
version = "0.4.6"
source = { registry = "https://pypi.org/simple" }
sdist = { url = "https://files.pythonhosted.org/packages/d8/53/6f443c9a4a8358a93a6792e2acffb9d9d5cb0a5cfd8802644b7b1c9a02e4/colorama-0.4.6.tar.gz", hash = "sha256:08695f5cb7ed6e0531a20572697297273c47b8cae5a63ffc6d6ed5c201be6e44", size = 27697, upload-time = "2022-10-25T02:36:22.414Z" }
wheels = [
    { url = "https://files.pythonhosted.org/packages/d1/d6/3965ed04c63042e047cb6a3e6ed1a63a35087b6a609aa3a15ed8ac56c221/colorama-0.4.6-py2.py3-none-any.whl", hash = "sha256:4f1d9991f5acc0ca119f9d443620b77f9d6b33703e51011c16baf57afb285fc6", size = 25335, upload-time = "2022-10-25T02:36:20.889Z" },
]

[[package]]
name = "diff-gremlin"
version = "1.1.0"
source = { editable = "." }
dependencies = [
    { name = "lizard" },
    { name = "pyrefly" },
    { name = "radon" },
    { name = "ruff" },
]

[package.optional-dependencies]
full = [
    { name = "pyscn" },
]

[package.dev-dependencies]
dev = [
    { name = "pytest" },
]

[package.metadata]
requires-dist = [
    { name = "lizard", specifier = "==1.24.0" },
    { name = "pyrefly", specifier = "==1.3.0" },
    { name = "pyscn", marker = "extra == 'full'", specifier = "==1.32.1" },
    { name = "radon", specifier = "==6.0.1" },
    { name = "ruff", specifier = "==0.16.8" },
]
provides-extras = ["full"]

[package.metadata.requires-dev]
dev = [{ name = "pytest", specifier = "==9.1.1" }]

[[package]]
name = "iniconfig"
version = "2.3.0"
source = { registry = "https://pypi.org/simple" }
sdist = { url = "https://files.pythonhosted.org/packages/72/34/14ca021ce8e5dfedc35312d08ba8bf51fdd999c576889fc2c24cb97f4f10/iniconfig-2.3.0.tar.gz", hash = "sha256:c76315c77db068650d49c5b56314774a7804df16fee4402c1f19d6d15d8c4730", size = 20503, upload-time = "2025-10-18T21:55:43.219Z" }
wheels = [
    { url = "https://files.pythonhosted.org/packages/cb/b1/3846dd7f199d53cb17f49cba7e651e9ce294d8497c8c150530ed11865bb8/iniconfig-2.3.0-py3-none-any.whl", hash = "sha256:f631c04d2c48c52b84d0d0549c99ff3859c98df65b3101406327ecc7d53fbf12", size = 7484, upload-time = "2025-10-18T21:55:41.639Z" },
]

[[package]]
name = "lizard"
version = "1.24.0"
source = { registry = "https://pypi.org/simple" }
dependencies = [
    { name = "pathspec" },
    { name = "pygments" },
]
sdist = { url = "https://files.pythonhosted.org/packages/a5/c9/97837b967a1a6bb64acb0e1738e19a154393ae1a9a448b9958176be5b10a/lizard-1.24.0.tar.gz", hash = "sha256:2e88a7af9d23a98d3f4a30767134361bd4b7dde02c410209c6c72732a43bbb65", size = 102329, upload-time = "2026-08-19T00:04:05.28Z" }
wheels = [
    { url = "https://files.pythonhosted.org/packages/60/c1/1da7937391a7e67edfb33bb3cd6d3426a7027cf3dd904ecb29c2b4416e78/lizard-1.24.0-py2.py3-none-any.whl", hash = "sha256:a688bc607a891ff4a7836826f25742dc9c1bf648da3075dbd495e199e8848602", size = 111418, upload-time = "2026-08-19T00:04:03.569Z" },
]

[[package]]
name = "mando"
version = "0.7.1"
source = { registry = "https://pypi.org/simple" }
dependencies = [
    { name = "six" },
]
sdist = { url = "https://files.pythonhosted.org/packages/35/24/cd70d5ae6d35962be752feccb7dca80b5e0c2d450e995b16abd6275f3296/mando-0.7.1.tar.gz", hash = "sha256:18baa999b4b613faefb00eac4efadcf14f510b59b924b66e08289aa1de8c3500", size = 37868, upload-time = "2022-02-24T08:12:27.316Z" }
wheels = [
    { url = "https://files.pythonhosted.org/packages/d2/f0/834e479e47e499b6478e807fb57b31cc2db696c4db30557bb6f5aea4a90b/mando-0.7.1-py2.py3-none-any.whl", hash = "sha256:26ef1d70928b6057ee3ca12583d73c63e05c49de8972d620c278a7b206581a8a", size = 28149, upload-time = "2022-02-24T08:12:25.24Z" },
]

[[package]]
name = "packaging"
version = "26.3"
source = { registry = "https://pypi.org/simple" }
sdist = { url = "https://files.pythonhosted.org/packages/7d/fa/3944b40b07da9ce895c0e6303a5ab7d53da063554f534556b134a54d6093/packaging-26.3.tar.gz", hash = "sha256:94edc256424af38762eb31306eed28beb9f0efc50a8837492c9d6fd6004aed79", size = 313412, upload-time = "2026-08-04T18:15:28.737Z" }
wheels = [
    { url = "https://files.pythonhosted.org/packages/63/34/ba1c580383c9eada3711951fef0795c80b829a078d72188184bcab9dd527/packaging-26.3-py3-none-any.whl", hash = "sha256:d7193f7c8e4e93f444fde0262bf90af30e16fa0ad0ad44cb553c87339b23cd1c", size = 129956, upload-time = "2026-08-04T18:15:27.159Z" },
]

[[package]]
name = "pathspec"
version = "1.1.1"
source = { registry = "https://pypi.org/simple" }
sdist = { url = "https://files.pythonhosted.org/packages/5a/82/42f767fc1c1143d6fd36efb827202a2d997a375e160a71eb2888a925aac1/pathspec-1.1.1.tar.gz", hash = "sha256:17db5ecd524104a120e173814c90367a96a98d07c45b2e10c2f3919fff91bf5a", size = 135180, upload-time = "2026-04-27T01:46:08.907Z" }
wheels = [
    { url = "https://files.pythonhosted.org/packages/f1/d9/7fb5aa316bc299258e68c73ba3bddbc499654a07f151cba08f6153988714/pathspec-1.1.1-py3-none-any.whl", hash = "sha256:a00ce642f577bf7f473932318056212bc4f8bfdf53128c78bbd5af0b9b20b189", size = 57328, upload-time = "2026-04-27T01:46:07.06Z" },
]

[[package]]
name = "pluggy"
version = "1.6.0"
source = { registry = "https://pypi.org/simple" }
sdist = { url = "https://files.pythonhosted.org/packages/f9/e2/3e91f31a7d2b083fe6ef3fa267035b518369d9511ffab804f839851d2779/pluggy-1.6.0.tar.gz", hash = "sha256:7dcc130b76258d33b90f61b658791dede3486c3e6bfb003ee5c9bfb396dd22f3", size = 69412, upload-time = "2025-05-15T12:30:07.975Z" }
wheels = [
    { url = "https://files.pythonhosted.org/packages/54/20/4d324d65cc6d9205fabedc306948156824eb9f0ee1633355a8f7ec5c66bf/pluggy-1.6.0-py3-none-any.whl", hash = "sha256:e920276dd6813095e9377c0bc5566d94c932c33b27a3e3945d8389c374dd4746", size = 20538, upload-time = "2025-05-15T12:30:06.134Z" },
]

[[package]]
name = "pygments"
version = "2.21.0"
source = { registry = "https://pypi.org/simple" }
sdist = { url = "https://files.pythonhosted.org/packages/49/2e/ced460408999b33da6b31b0021b0f37d329e202d4169aeb164493778f25b/pygments-2.21.0.tar.gz", hash = "sha256:610ca751c9bc2492b38eb9a38a7fbc93edbbb2d7182edaf34e66ae493dee5c8c", size = 5005329, upload-time = "2026-08-17T08:02:48.824Z" }
wheels = [
    { url = "https://files.pythonhosted.org/packages/71/46/17f022dd3e953bf20a04a028a21ec746d942f8d2af30fa0f124fa0e6a684/pygments-2.21.0-py3-none-any.whl", hash = "sha256:2363c69b61c4a97c838da3b130dcd6468f4848992b21a82f2a63ec34377137d9", size = 1250147, upload-time = "2026-08-17T08:02:44.912Z" },
]

[[package]]
name = "pyrefly"
version = "1.3.0"
source = { registry = "https://pypi.org/simple" }
sdist = { url = "https://files.pythonhosted.org/packages/7d/82/df301034ff7705b51ab212039958910434e1e9bd4765cde435538221fc35/pyrefly-1.3.0.tar.gz", hash = "sha256:e96a0bf3abdc41cf40f7d2ef274bb610f4e6e4b387b366aea102902839073388", size = 6678024, upload-time = "2026-09-11T00:41:37.196Z" }
wheels = [
    { url = "https://files.pythonhosted.org/packages/36/98/47bf19b6caef77852c7e1c03d71ef48a5f452bf041503d883e0bca6fc4c8/pyrefly-1.3.0-py3-none-macosx_10_12_x86_64.whl", hash = "sha256:dd6c61e4c307eaaf3cf25fb329c4e7c9ff0376c42d5900362be2fd3333578a69", size = 15088089, upload-time = "2026-09-11T00:41:11.046Z" },
    { url = "https://files.pythonhosted.org/packages/4c/77/454615aa5db04903c99ced321295e32242c4b188be1a08f40b617ed72984/pyrefly-1.3.0-py3-none-macosx_11_0_arm64.whl", hash = "sha256:14c56defaa804747f18e03d11b539e71b71c8251a2b9f58e73dea80e2f6adfd9", size = 14431422, upload-time = "2026-09-11T00:41:13.61Z" },
    { url = "https://files.pythonhosted.org/packages/01/f2/142e190b9432f802682b0b0794f71e2010e936de0541492cc43678d647af/pyrefly-1.3.0-py3-none-manylinux_2_17_aarch64.manylinux2014_aarch64.whl", hash = "sha256:64285b1261681933f97cb11f3ba2e4445ff02a266707e4e2b7a279db0424c9f2", size = 14880659, upload-time = "2026-09-11T00:41:15.947Z" },
    { url = "https://files.pythonhosted.org/packages/d9/2f/60598fe38f29f22d11d9f4b5c7fee1cbbb0d5b0cb7db6b373761d57f5f75/pyrefly-1.3.0-py3-none-manylinux_2_17_i686.manylinux2014_i686.whl", hash = "sha256:46a90d6e48415dfa5d8d9c94ea5b9b61d7149dab87348952f2e000cf45145664", size = 16116073, upload-time = "2026-09-11T00:41:18.547Z" },
    { url = "https://files.pythonhosted.org/packages/c2/0a/33e49756fe3341dbb13789622cb8c9b6350d2710ceb47b8b0521f134ceea/pyrefly-1.3.0-py3-none-manylinux_2_17_ppc64le.manylinux2014_ppc64le.whl", hash = "sha256:e0cc33b35204b8e1b09396313024580d25a041de2f2f527e6496fc099282b967", size = 16049648, upload-time = "2026-09-11T00:41:21.255Z" },
    { url = "https://files.pythonhosted.org/packages/b0/fe/be59429726af4c0c3585951a937232d957182364cd2a621f74f4298a176e/pyrefly-1.3.0-py3-none-manylinux_2_17_x86_64.manylinux2014_x86_64.whl", hash = "sha256:e94ff692911596d257462320a2ef1435c93c20c80d631404961282f4cc22a6cc", size = 15439725, upload-time = "2026-09-11T00:41:23.572Z" },
    { url = "https://files.pythonhosted.org/packages/2b/73/bb834e88afea6c0de6960be2102c0cc1d817193c1efc3f6db9b450df191c/pyrefly-1.3.0-py3-none-musllinux_1_2_aarch64.whl", hash = "sha256:5705bec5438aa4e3b65b0d2ea7613f6bdbdc57f8848bd4b7940bbab37f230d8c", size = 14900386, upload-time = "2026-09-11T00:41:25.717Z" },
    { url = "https://files.pythonhosted.org/packages/c7/64/1adbc6ece9090bbd2e4ed1300918ab709166119426a21102639912ea65bb/pyrefly-1.3.0-py3-none-musllinux_1_2_x86_64.whl", hash = "sha256:fe60cb6d7cdf6c9bb236c0a7efc4b9839cfe7ef834b07d637862f95a642699ef", size = 15478065, upload-time = "2026-09-11T00:41:28.049Z" },
    { url = "https://files.pythonhosted.org/packages/d0/5c/e1351611d2e205718394237381220ab70f0e21cb297db024eafead19acf9/pyrefly-1.3.0-py3-none-win32.whl", hash = "sha256:4fb4cd5e5007e99208e44f749edaf37a03c0a56c98da7422c2dd60fde0f294b0", size = 14130445, upload-time = "2026-09-11T00:41:30.401Z" },
    { url = "https://files.pythonhosted.org/packages/3c/92/1d78e2ab1f9f1055ea43164d336903c95e608bede06ed182dc4b4f2c5390/pyrefly-1.3.0-py3-none-win_amd64.whl", hash = "sha256:f809fa5b447012adb8861efeb8f6435146788a39d9251d79dc38731a5d241893", size = 15067598, upload-time = "2026-09-11T00:41:32.582Z" },
    { url = "https://files.pythonhosted.org/packages/b3/6f/459f56dc345c32f8597acef13675e7e67679fb56bc3fd8f0a280eaeb8c02/pyrefly-1.3.0-py3-none-win_arm64.whl", hash = "sha256:3a3fb7c07dfb9b43d4205d8e85a83aaefc85377d0437dc8469c132836a8a7e5d", size = 14347403, upload-time = "2026-09-11T00:41:35.01Z" },
]

[[package]]
name = "pyscn"
version = "1.32.1"
source = { registry = "https://pypi.org/simple" }
wheels = [
    { url = "https://files.pythonhosted.org/packages/d2/f6/af6d115f05e4f75e3227e046bcbdd876f0c911b67203afa4dc6ddc0c8e1e/pyscn-1.32.1-py3-none-macosx_11_0_arm64.whl", hash = "sha256:dc922aaba7da63e3ea931e26152bbd3a0c3f4f8330921f969c863dab2822bca8", size = 10273961, upload-time = "2026-09-20T11:14:13.742Z" },
    { url = "https://files.pythonhosted.org/packages/ec/3d/b86b32c3bce452ffe8a3348f0c5531672e157ee604c6cd11c4fa1bd8a939/pyscn-1.32.1-py3-none-manylinux_2_34_aarch64.whl", hash = "sha256:9e4e1c214ecf9b05c5438fa259466a663dd1e6d81f1d79a3796f5518ee52edee", size = 10089420, upload-time = "2026-09-20T11:14:15.772Z" },
    { url = "https://files.pythonhosted.org/packages/a3/6e/6a9a2c7573690404a26945b1309fd6242d1886b8d4da18e8f58ec4925552/pyscn-1.32.1-py3-none-manylinux_2_34_x86_64.whl", hash = "sha256:9bbbb6760c844e054a2891af11803d89e965e91f06d45a59dc3d7103f83852bd", size = 11213367, upload-time = "2026-09-20T11:14:17.599Z" },
    { url = "https://files.pythonhosted.org/packages/a8/8b/1ba8a72ce2ba223d02e1e425b12e801d3f35fd70a8629b813256d10e1585/pyscn-1.32.1-py3-none-win_amd64.whl", hash = "sha256:0c776ac90e2fa706cee5dcde279fcd5128088cdb09abd21f45483a538d3b434a", size = 11685481, upload-time = "2026-09-20T11:14:19.381Z" },
]

[[package]]
name = "pytest"
version = "9.1.1"
source = { registry = "https://pypi.org/simple" }
dependencies = [
    { name = "colorama", marker = "sys_platform == 'win32'" },
    { name = "iniconfig" },
    { name = "packaging" },
    { name = "pluggy" },
    { name = "pygments" },
]
sdist = { url = "https://files.pythonhosted.org/packages/e4/47/b9efed96c114afcfa3c9d3fe98a76a1d14c74a9e266d397cf6eb64be5e01/pytest-9.1.1.tar.gz", hash = "sha256:1088fbde8f2b49d95a549a195707afa7a76a3ce9bcadc26b6d71f0ffda5fe313", size = 1636369, upload-time = "2026-06-19T10:58:32.857Z" }
wheels = [
    { url = "https://files.pythonhosted.org/packages/24/25/1de2678b631f5a49215c6c96fff41ba892b0a34df68d6d80292b1b48aa7f/pytest-9.1.1-py3-none-any.whl", hash = "sha256:37a86b45efb9a47a61a36449063e8e18d0cab3161329fc099eb21783169c4f0c", size = 386536, upload-time = "2026-06-19T10:58:31.347Z" },
]

[[package]]
name = "radon"
version = "6.0.1"
source = { registry = "https://pypi.org/simple" }
dependencies = [
    { name = "colorama" },
    { name = "mando" },
]
sdist = { url = "https://files.pythonhosted.org/packages/b1/6d/98e61600febf6bd929cf04154537c39dc577ce414bafbfc24a286c4fa76d/radon-6.0.1.tar.gz", hash = "sha256:d1ac0053943a893878940fedc8b19ace70386fc9c9bf0a09229a44125ebf45b5", size = 1874992, upload-time = "2023-03-26T06:24:38.868Z" }
wheels = [
    { url = "https://files.pythonhosted.org/packages/93/f7/d00d9b4a0313a6be3a3e0818e6375e15da6d7076f4ae47d1324e7ca986a1/radon-6.0.1-py2.py3-none-any.whl", hash = "sha256:632cc032364a6f8bb1010a2f6a12d0f14bc7e5ede76585ef29dc0cecf4cd8859", size = 52784, upload-time = "2023-03-26T06:24:33.949Z" },
]

[[package]]
name = "ruff"
version = "0.16.8"
source = { registry = "https://pypi.org/simple" }
sdist = { url = "https://files.pythonhosted.org/packages/ba/78/449cb84790bd5cc3823b2652ee405a4558856e5c4195aee3a16bf7b3eb5d/ruff-0.16.8.tar.gz", hash = "sha256:9247bf92b5f04d825c8639a4fe423ec2e4222acd9222e58412b0dab7e442798b", size = 4938814, upload-time = "2026-09-16T15:54:46.688Z" }
wheels = [
    { url = "https://files.pythonhosted.org/packages/ac/25/6071aabc530e9be7e2c195e8fe3f7aea2735405b6cf447212832d7811831/ruff-0.16.8-py3-none-linux_armv6l.whl", hash = "sha256:6ffbd6d87383c1edf5f6fa890f10200950240d7c1a16052a19a09d3a2307dd38", size = 10048966, upload-time = "2026-09-16T15:53:57.605Z" },
    { url = "https://files.pythonhosted.org/packages/54/98/07f90ecbc74dd5fb5764f11f2bc774d6a7cffef92d2ff5f5b4e9e23c754e/ruff-0.16.8-py3-none-macosx_10_12_x86_64.whl", hash = "sha256:42ed6b878ed61e3acca92f2730a17acff39286944ea82398544696366a6f925e", size = 10165498, upload-time = "2026-09-16T15:54:01.14Z" },
    { url = "https://files.pythonhosted.org/packages/fe/1f/e6a712e3b47cad4a40600134105ed193cb773f618a42eb7ba323cb812cc0/ruff-0.16.8-py3-none-macosx_11_0_arm64.whl", hash = "sha256:7ea781c7f2afba8c6a505ea0fb3f994020249e0c450635f5381286fea6b46170", size = 9830004, upload-time = "2026-09-16T15:54:03.998Z" },
    { url = "https://files.pythonhosted.org/packages/23/f2/311a08776d75d81c7676e20b6b020ae63cbe881fcdc7a8dd64e6e18bdd93/ruff-0.16.8-py3-none-manylinux_2_17_aarch64.manylinux2014_aarch64.whl", hash = "sha256:8efeae3bbe414a5efefda11a792dfb51ef90ac48d50c4830de2f644caf3e8659", size = 9986558, upload-time = "2026-09-16T15:54:06.804Z" },
    { url = "https://files.pythonhosted.org/packages/f3/ed/37b6cb3d3ba8c73e68ae3eb1d502383beb5aa05a582bb7bb3a922f929f54/ruff-0.16.8-py3-none-manylinux_2_17_armv7l.manylinux2014_armv7l.whl", hash = "sha256:3a79b795469fef7fc6e908b218eed2eb17332afd85031db6480dc864560e69b2", size = 9877332, upload-time = "2026-09-16T15:54:09.552Z" },
    { url = "https://files.pythonhosted.org/packages/22/cc/40873a8f36ad084cc540d55fcca7077264d5b13b24659e9180c176fb2b08/ruff-0.16.8-py3-none-manylinux_2_17_i686.manylinux2014_i686.whl", hash = "sha256:3fdc5563cdc50555e6fba39322850860e9267c1b3d12c26a74729d8604c3c812", size = 10507125, upload-time = "2026-09-16T15:54:12.152Z" },
    { url = "https://files.pythonhosted.org/packages/c3/e4/fc91a642b78ccbab6b9477720f3644ae7a10a9bcce69a934679cd64f62bc/ruff-0.16.8-py3-none-manylinux_2_17_ppc64le.manylinux2014_ppc64le.whl", hash = "sha256:34508983c70665578dab88f5223d8e6228307e1135398ca8bfc8b7e9501e282b", size = 11336694, upload-time = "2026-09-16T15:54:15.489Z" },
    { url = "https://files.pythonhosted.org/packages/c2/3d/bbd2a9a600a4e73dc3e7548a249c8d1671273464b55822c6fae50f602dff/ruff-0.16.8-py3-none-manylinux_2_17_s390x.manylinux2014_s390x.whl", hash = "sha256:644bb578569e0ffc575741232bd385dacdd6fbe123f1a729e7a225f54aa3957f", size = 10774448, upload-time = "2026-09-16T15:54:18.16Z" },
    { url = "https://files.pythonhosted.org/packages/1a/41/d83af9879a7b6e8bf5fe16b1da0b134049d2f5d3afac12defb0897cb84bd/ruff-0.16.8-py3-none-manylinux_2_17_x86_64.manylinux2014_x86_64.whl", hash = "sha256:15e7d226246961db9235098333caa13063906d3851136b84c2900b82f5daa1df", size = 10323796, upload-time = "2026-09-16T15:54:20.743Z" },
    { url = "https://files.pythonhosted.org/packages/f5/2c/cefd07bfe914b84943ea769ade8d607bd22750b965d3228eefd7cebd15d0/ruff-0.16.8-py3-none-manylinux_2_31_riscv64.whl", hash = "sha256:a2bf6bc3e9ebdd4449abc6f06cf64b98051a2c61cf94d2fe9596518c881f1a1e", size = 10514115, upload-time = "2026-09-16T15:54:23.497Z" },
    { url = "https://files.pythonhosted.org/packages/f3/9d/76a2e26c79a23be6e6e3664c57bec9e9fc8de155cfb9e4b67ea91b64f9d7/ruff-0.16.8-py3-none-musllinux_1_2_aarch64.whl", hash = "sha256:6ca111ba0849539165e9e59d2b442542f3c1e8060ebbdea82494f1ffbccb1e1f", size = 10072582, upload-time = "2026-09-16T15:54:26.185Z" },
    { url = "https://files.pythonhosted.org/packages/2e/d4/f42edddb39668af1a559ceafa3823aedd65633a48dc9768e775485faa2c1/ruff-0.16.8-py3-none-musllinux_1_2_armv7l.whl", hash = "sha256:359a1e5b495448ee1e91018064382ebc86f90e8aac2fed222c7d0e4e8df85fd2", size = 9879644, upload-time = "2026-09-16T15:54:29.278Z" },
    { url = "https://files.pythonhosted.org/packages/f8/d4/913e3195d95e0378786c6656945c865f534a3560e29139da4882aff630d1/ruff-0.16.8-py3-none-musllinux_1_2_i686.whl", hash = "sha256:59e8f5681349474110b24d62e93cfda6593f5fa3473446ca3705200cac1a08b9", size = 10231569, upload-time = "2026-09-16T15:54:32.036Z" },
    { url = "https://files.pythonhosted.org/packages/2b/c4/8aa6ea0bdcedbd1bf87397e2fc4ed8406448ea5842f8660bc6e5f163039d/ruff-0.16.8-py3-none-musllinux_1_2_x86_64.whl", hash = "sha256:efa3e7a16d1baaa79957888dfdf8be9ef2e44db81cb032af06d76632ab59e773", size = 10663666, upload-time = "2026-09-16T15:54:34.838Z" },
    { url = "https://files.pythonhosted.org/packages/3d/02/7f10ef4700bc223c30a3fdd10631a29830c45524b810a3c7ed947af64591/ruff-0.16.8-py3-none-win32.whl", hash = "sha256:55793ba85c69921e89be061426d91a78652d6e50317c962240922747a4eb713f", size = 10093472, upload-time = "2026-09-16T15:54:37.47Z" },
    { url = "https://files.pythonhosted.org/packages/1e/5d/a509c07d714b6da88f2c518b4637cf6f1d46b074be8f0f1e5fb9ff5126fe/ruff-0.16.8-py3-none-win_amd64.whl", hash = "sha256:a6b85621fd3c81e31fc5f5add09c9c078b430db3595ca632efafdec9e64ebfaa", size = 10586899, upload-time = "2026-09-16T15:54:40.488Z" },
    { url = "https://files.pythonhosted.org/packages/fe/a0/50787329e4f20bf9dc9f6230015d46ec69c51a97ace5bc202dae4755365d/ruff-0.16.8-py3-none-win_arm64.whl", hash = "sha256:d075e820af612102ce217f07cc93e69f9490b10ec13ea85fa87bd03d996cef8a", size = 10386316, upload-time = "2026-09-16T15:54:43.332Z" },
]

[[package]]
name = "six"
version = "1.17.0"
source = { registry = "https://pypi.org/simple" }
sdist = { url = "https://files.pythonhosted.org/packages/94/e7/b2c673351809dca68a0e064b6af791aa332cf192da575fd474ed7d6f16a2/six-1.17.0.tar.gz", hash = "sha256:ff70335d468e7eb6ec65b95b99d3a2836546063f63acc5171de367e834932a81", size = 34031, upload-time = "2024-12-04T17:35:28.174Z" }
wheels = [
    { url = "https://files.pythonhosted.org/packages/b7/ce/149a00dd41f10bc29e5921b496af8b574d8413afcd5e30dfa0ed46c2cc5e/six-1.17.0-py2.py3-none-any.whl", hash = "sha256:4721f391ed90541fddacab5acf947aa0d3dc7d27b2e1e8eda2be8970586c3274", size = 11050, upload-time = "2024-12-04T17:35:26.475Z" },
]
